
Microsoft Visual Studio Solution File, Format Version 12.00
# Visual Studio Version 16
VisualStudioVersion = 16.0.29519.181
MinimumVisualStudioVersion = 10.0.40219.1
Project("{FAE04EC0-301F-11D3-BF4B-00C04F79EFBC}") = "Demo", "Demo\Demo.csproj", "{1CD55E3B-AA76-4BED-8167-6AB25D93E666}"
EndProject
Project("{FAE04EC0-301F-11D3-BF4B-00C04F79EFBC}") = "BusinessLayer", "BusinessLayer\BusinessLayer.csproj", "{977CB8DB-0D48-43DA-A08C-CC2E2CE427E6}"
EndProject
Global
	GlobalSection(SolutionConfigurationPlatforms) = preSolution
		Debug|Any CPU = Debug|Any CPU
		Release|Any CPU = Release|Any CPU
	EndGlobalSection
	GlobalSection(ProjectConfigurationPlatforms) = postSolution
		{1CD55E3B-AA76-4BED-8167-6AB25D93E666}.Debug|Any CPU.ActiveCfg = Debug|Any CPU
		{1CD55E3B-AA76-4BED-8167-6AB25D93E666}.Debug|Any CPU.Build.0 = Debug|Any CPU
		{1CD55E3B-AA76-4BED-8167-6AB25D93E666}.Release|Any CPU.ActiveCfg = Release|Any CPU
		{1CD55E3B-AA76-4BED-8167-6AB25D93E666}.Release|Any CPU.Build.0 = Release|Any CPU
		{977CB8DB-0D48-43DA-A08C-CC2E2CE427E6}.Debug|Any CPU.ActiveCfg = Debug|Any CPU
		{977CB8DB-0D48-43DA-A08C-CC2E2CE427E6}.Debug|Any CPU.Build.0 = Debug|Any CPU
		{977CB8DB-0D48-43DA-A08C-CC2E2CE427E6}.Release|Any CPU.ActiveCfg = Release|Any CPU
		{977CB8DB-0D48-43DA-A08C-CC2E2CE427E6}.Release|Any CPU.Build.0 = Release|Any CPU
	EndGlobalSection
	GlobalSection(SolutionProperties) = preSolution
		HideSolutionNode = FALSE
	EndGlobalSection
	GlobalSection(ExtensibilityGlobals) = postSolution
		SolutionGuid = {2ECC777D-C66A-4B1C-8EB3-DD361B4EF48B}
	EndGlobalSection
EndGlobal
